
Microsoft Visual Studio Solution File, Format Version 12.00
# Visual Studio Version 17
VisualStudioVersion = 17.9.34728.123
MinimumVisualStudioVersion = 10.0.40219.1
Project("{FAE04EC0-301F-11D3-BF4B-00C04F79EFBC}") = "SwiftUpdate", "SwiftUpdate\SwiftUpdate.csproj", "{1B993E21-8608-4523-B145-9CDD7BE8564F}"
EndProject
Project("{2150E333-8FDC-42A3-9474-1A3956D46DE8}") = "Solution Items", "Solution Items", "{F952FB1B-269A-472E-A554-547D58ABC44D}"
	ProjectSection(SolutionItems) = preProject
		.gitignore = .gitignore
	EndProjectSection
EndProject
Global
	GlobalSection(SolutionConfigurationPlatforms) = preSolution
		Debug|Any CPU = Debug|Any CPU
		Release|Any CPU = Release|Any CPU
	EndGlobalSection
	GlobalSection(ProjectConfigurationPlatforms) = postSolution
		{1B993E21-8608-4523-B145-9CDD7BE8564F}.Debug|Any CPU.ActiveCfg = Debug|Any CPU
		{1B993E21-8608-4523-B145-9CDD7BE8564F}.Debug|Any CPU.Build.0 = Debug|Any CPU
		{1B993E21-8608-4523-B145-9CDD7BE8564F}.Release|Any CPU.ActiveCfg = Release|Any CPU
		{1B993E21-8608-4523-B145-9CDD7BE8564F}.Release|Any CPU.Build.0 = Release|Any CPU
	EndGlobalSection
	GlobalSection(SolutionProperties) = preSolution
		HideSolutionNode = FALSE
	EndGlobalSection
	GlobalSection(ExtensibilityGlobals) = postSolution
		SolutionGuid = {3F7FCB2C-65CE-4F51-9A85-165D9D8C4EE6}
	EndGlobalSection
EndGlobal
